# This file is automatically @generated by Cargo.
# It is not intended for manual editing.
version = 4

[[package]]
name = "hello-world"
version = "0.1.0"

[[package]]
name = "rost-init"
version = "0.1.0"

[[package]]
name = "rost-net"
version = "0.1.0"

[[package]]
name = "rost-shell"
version = "0.1.0"

[[package]]
name = "rost-uart-drv"
version = "0.1.0"

[[package]]
name = "rost-vfs"
version = "0.1.0"
